Microsoft Visual Studio Solution File, Format Version 12.00
# Visual Studio Version 17
VisualStudioVersion = 17.5.2.0
MinimumVisualStudioVersion = 10.0.40219.1
Project("{FAE04EC0-301F-11D3-BF4B-00C04F79EFBC}") = "2dplat", "2dplat.csproj", "{4FE88490-3E79-550A-FFF8-FF557440FD7C}"
EndProject
Global
	GlobalSection(SolutionConfigurationPlatforms) = preSolution
		Debug|Any CPU = Debug|Any CPU
		Release|Any CPU = Release|Any CPU
	EndGlobalSection
	GlobalSection(ProjectConfigurationPlatforms) = postSolution
		{4FE88490-3E79-550A-FFF8-FF557440FD7C}.Debug|Any CPU.ActiveCfg = Debug|Any CPU
		{4FE88490-3E79-550A-FFF8-FF557440FD7C}.Debug|Any CPU.Build.0 = Debug|Any CPU
		{4FE88490-3E79-550A-FFF8-FF557440FD7C}.Release|Any CPU.ActiveCfg = Release|Any CPU
		{4FE88490-3E79-550A-FFF8-FF557440FD7C}.Release|Any CPU.Build.0 = Release|Any CPU
	EndGlobalSection
	GlobalSection(SolutionProperties) = preSolution
		HideSolutionNode = FALSE
	EndGlobalSection
	GlobalSection(ExtensibilityGlobals) = postSolution
		SolutionGuid = {FA14E626-5410-4262-B4AE-3BC4C953AB6D}
	EndGlobalSection
EndGlobal
